
Microsoft Visual Studio Solution File, Format Version 12.00
# Visual Studio Version 17
VisualStudioVersion = 17.9.34616.47
MinimumVisualStudioVersion = 10.0.40219.1
Project("{9A19103F-16F7-4668-BE54-9A1E7A4F7556}") = "BE", "BE\BE.csproj", "{4161E7D4-718C-478E-9CED-7D831FF0A3D9}"
EndProject
Project("{9A19103F-16F7-4668-BE54-9A1E7A4F7556}") = "UI", "UI\UI.csproj", "{644EC05D-0A35-40D9-A325-202D774F9CB6}"
EndProject
Project("{9A19103F-16F7-4668-BE54-9A1E7A4F7556}") = "DAL", "DAL\DAL.csproj", "{B06E820B-8603-42E6-B8F8-E9A0745F91DE}"
EndProject
Project("{FAE04EC0-301F-11D3-BF4B-00C04F79EFBC}") = "BLL", "BLL\BLL.csproj", "{338A84CC-56C7-455B-B9EC-B8562A386CDA}"
EndProject
Project("{FAE04EC0-301F-11D3-BF4B-00C04F79EFBC}") = "Interfaces", "Interfaces\Interfaces.csproj", "{C3755356-2A7D-45C7-A6C6-3E362E8D8781}"
EndProject
Project("{FAE04EC0-301F-11D3-BF4B-00C04F79EFBC}") = "Services", "Services\Services.csproj", "{2686D455-5CC3-4575-A136-7392448D7390}"
EndProject
Project("{2150E333-8FDC-42A3-9474-1A3956D46DE8}") = "01 - Presentation Layer", "01 - Presentation Layer", "{2ECE82E4-7345-44FE-8215-BE671B388495}"
EndProject
Project("{2150E333-8FDC-42A3-9474-1A3956D46DE8}") = "02 - Business Layer", "02 - Business Layer", "{597BA6DA-5FFF-454C-92CD-F1AC4A3BEC83}"
EndProject
Project("{2150E333-8FDC-42A3-9474-1A3956D46DE8}") = "03 - Data Access Layer", "03 - Data Access Layer", "{9D6A4DAF-A615-443E-9A0E-5BF5CCE9B4CD}"
EndProject
Global
	GlobalSection(SolutionConfigurationPlatforms) = preSolution
		Debug|Any CPU = Debug|Any CPU
		Release|Any CPU = Release|Any CPU
	EndGlobalSection
	GlobalSection(ProjectConfigurationPlatforms) = postSolution
		{4161E7D4-718C-478E-9CED-7D831FF0A3D9}.Debug|Any CPU.ActiveCfg = Debug|Any CPU
		{4161E7D4-718C-478E-9CED-7D831FF0A3D9}.Debug|Any CPU.Build.0 = Debug|Any CPU
		{4161E7D4-718C-478E-9CED-7D831FF0A3D9}.Release|Any CPU.ActiveCfg = Release|Any CPU
		{4161E7D4-718C-478E-9CED-7D831FF0A3D9}.Release|Any CPU.Build.0 = Release|Any CPU
		{644EC05D-0A35-40D9-A325-202D774F9CB6}.Debug|Any CPU.ActiveCfg = Debug|Any CPU
		{644EC05D-0A35-40D9-A325-202D774F9CB6}.Debug|Any CPU.Build.0 = Debug|Any CPU
		{644EC05D-0A35-40D9-A325-202D774F9CB6}.Release|Any CPU.ActiveCfg = Release|Any CPU
		{644EC05D-0A35-40D9-A325-202D774F9CB6}.Release|Any CPU.Build.0 = Release|Any CPU
		{B06E820B-8603-42E6-B8F8-E9A0745F91DE}.Debug|Any CPU.ActiveCfg = Debug|Any CPU
		{B06E820B-8603-42E6-B8F8-E9A0745F91DE}.Debug|Any CPU.Build.0 = Debug|Any CPU
		{B06E820B-8603-42E6-B8F8-E9A0745F91DE}.Release|Any CPU.ActiveCfg = Release|Any CPU
		{B06E820B-8603-42E6-B8F8-E9A0745F91DE}.Release|Any CPU.Build.0 = Release|Any CPU
		{338A84CC-56C7-455B-B9EC-B8562A386CDA}.Debug|Any CPU.ActiveCfg = Debug|Any CPU
		{338A84CC-56C7-455B-B9EC-B8562A386CDA}.Debug|Any CPU.Build.0 = Debug|Any CPU
		{338A84CC-56C7-455B-B9EC-B8562A386CDA}.Release|Any CPU.ActiveCfg = Release|Any CPU
		{338A84CC-56C7-455B-B9EC-B8562A386CDA}.Release|Any CPU.Build.0 = Release|Any CPU
		{C3755356-2A7D-45C7-A6C6-3E362E8D8781}.Debug|Any CPU.ActiveCfg = Debug|Any CPU
		{C3755356-2A7D-45C7-A6C6-3E362E8D8781}.Debug|Any CPU.Build.0 = Debug|Any CPU
		{C3755356-2A7D-45C7-A6C6-3E362E8D8781}.Release|Any CPU.ActiveCfg = Release|Any CPU
		{C3755356-2A7D-45C7-A6C6-3E362E8D8781}.Release|Any CPU.Build.0 = Release|Any CPU
		{2686D455-5CC3-4575-A136-7392448D7390}.Debug|Any CPU.ActiveCfg = Debug|Any CPU
		{2686D455-5CC3-4575-A136-7392448D7390}.Debug|Any CPU.Build.0 = Debug|Any CPU
		{2686D455-5CC3-4575-A136-7392448D7390}.Release|Any CPU.ActiveCfg = Release|Any CPU
		{2686D455-5CC3-4575-A136-7392448D7390}.Release|Any CPU.Build.0 = Release|Any CPU
	EndGlobalSection
	GlobalSection(SolutionProperties) = preSolution
		HideSolutionNode = FALSE
	EndGlobalSection
	GlobalSection(NestedProjects) = preSolution
		{4161E7D4-718C-478E-9CED-7D831FF0A3D9} = {597BA6DA-5FFF-454C-92CD-F1AC4A3BEC83}
		{644EC05D-0A35-40D9-A325-202D774F9CB6} = {2ECE82E4-7345-44FE-8215-BE671B388495}
		{B06E820B-8603-42E6-B8F8-E9A0745F91DE} = {9D6A4DAF-A615-443E-9A0E-5BF5CCE9B4CD}
		{338A84CC-56C7-455B-B9EC-B8562A386CDA} = {597BA6DA-5FFF-454C-92CD-F1AC4A3BEC83}
		{C3755356-2A7D-45C7-A6C6-3E362E8D8781} = {597BA6DA-5FFF-454C-92CD-F1AC4A3BEC83}
		{2686D455-5CC3-4575-A136-7392448D7390} = {597BA6DA-5FFF-454C-92CD-F1AC4A3BEC83}
	EndGlobalSection
	GlobalSection(ExtensibilityGlobals) = postSolution
		SolutionGuid = {6E9AACB5-FC1B-4DFE-BE0E-31A8159F5F6A}
	EndGlobalSection
EndGlobal
